// !$*UTF8*$!
{
	archiveVersion = 1;
	classes = {
	};
	objectVersion = 46;
	objects = {

/* Begin PBXBuildFile section */
		0630BB3E17DE2E2100BF4184 /* libBead.a in Frameworks */ = {isa = PBXBuildFile; fileRef = 0630BB3D17DE2E2100BF4184 /* libBead.a */; };
		06657FEF176C4C7700728370 /* gamefeatbutton.png in Resources */ = {isa = PBXBuildFile; fileRef = 06657FEE176C4C7700728370 /* gamefeatbutton.png */; };
		06A58AFA1748CD88000C7FEA /* lineButton.png in Resources */ = {isa = PBXBuildFile; fileRef = 06A58AF91748CD88000C7FEA /* lineButton.png */; };
		06B75DFA17D4EEE4003173A8 /* ImageIO.framework in Frameworks */ = {isa = PBXBuildFile; fileRef = 06B75DF917D4EEE4003173A8 /* ImageIO.framework */; };
		06B75DFC17D4EEEB003173A8 /* CoreMotion.framework in Frameworks */ = {isa = PBXBuildFile; fileRef = 06B75DFB17D4EEEB003173A8 /* CoreMotion.framework */; };
		06C7B453171147B3001783D2 /* UIKit.framework in Frameworks */ = {isa = PBXBuildFile; fileRef = 06C7B452171147B3001783D2 /* UIKit.framework */; };
		06C7B455171147B3001783D2 /* Foundation.framework in Frameworks */ = {isa = PBXBuildFile; fileRef = 06C7B454171147B3001783D2 /* Foundation.framework */; };
		06C7B457171147B3001783D2 /* CoreGraphics.framework in Frameworks */ = {isa = PBXBuildFile; fileRef = 06C7B456171147B3001783D2 /* CoreGraphics.framework */; };
		06C7B45D171147B3001783D2 /* InfoPlist.strings in Resources */ = {isa = PBXBuildFile; fileRef = 06C7B45B171147B3001783D2 /* InfoPlist.strings */; };
		06C7B45F171147B3001783D2 /* main.m in Sources */ = {isa = PBXBuildFile; fileRef = 06C7B45E171147B3001783D2 /* main.m */; };
		06C7B463171147B3001783D2 /* AppDelegate.m in Sources */ = {isa = PBXBuildFile; fileRef = 06C7B462171147B3001783D2 /* AppDelegate.m */; };
		06C7B467171147B3001783D2 /* Default@2x.png in Resources */ = {isa = PBXBuildFile; fileRef = 06C7B466171147B3001783D2 /* Default@2x.png */; };
		06C7B46C171147B3001783D2 /* MainStoryboard.storyboard in Resources */ = {isa = PBXBuildFile; fileRef = 06C7B46A171147B3001783D2 /* MainStoryboard.storyboard */; };
		06C7B46F171147B3001783D2 /* ViewController.m in Sources */ = {isa = PBXBuildFile; fileRef = 06C7B46E171147B3001783D2 /* ViewController.m */; };
		06C7B4781711480C001783D2 /* libAdStir.a in Frameworks */ = {isa = PBXBuildFile; fileRef = 06C7B4771711480C001783D2 /* libAdStir.a */; };
		06C7B47A1711481B001783D2 /* MediaPlayer.framework in Frameworks */ = {isa = PBXBuildFile; fileRef = 06C7B4791711481B001783D2 /* MediaPlayer.framework */; };
		06C7B47C17114823001783D2 /* QuartzCore.framework in Frameworks */ = {isa = PBXBuildFile; fileRef = 06C7B47B17114823001783D2 /* QuartzCore.framework */; };
		06C7B47E1711482E001783D2 /* CoreLocation.framework in Frameworks */ = {isa = PBXBuildFile; fileRef = 06C7B47D1711482E001783D2 /* CoreLocation.framework */; };
		06C7B48017114838001783D2 /* SystemConfiguration.framework in Frameworks */ = {isa = PBXBuildFile; fileRef = 06C7B47F17114838001783D2 /* SystemConfiguration.framework */; };
		06C7B48217114843001783D2 /* AdSupport.framework in Frameworks */ = {isa = PBXBuildFile; fileRef = 06C7B48117114843001783D2 /* AdSupport.framework */; settings = {ATTRIBUTES = (Weak, ); }; };
		06C7B4881711486A001783D2 /* CHANGELOG.md in Resources */ = {isa = PBXBuildFile; fileRef = 06C7B4841711486A001783D2 /* CHANGELOG.md */; };
		06C7B4891711486A001783D2 /* JSONKit.m in Sources */ = {isa = PBXBuildFile; fileRef = 06C7B4861711486A001783D2 /* JSONKit.m */; settings = {COMPILER_FLAGS = "-fno-objc-arc"; }; };
		06C7B48A1711486A001783D2 /* README.md in Resources */ = {isa = PBXBuildFile; fileRef = 06C7B4871711486A001783D2 /* README.md */; };
		06C7B48C171149D7001783D2 /* Security.framework in Frameworks */ = {isa = PBXBuildFile; fileRef = 06C7B48B171149D7001783D2 /* Security.framework */; settings = {ATTRIBUTES = (Required, ); }; };
		06C7B48E171149ED001783D2 /* libAdStir-nend.a in Frameworks */ = {isa = PBXBuildFile; fileRef = 06C7B48D171149ED001783D2 /* libAdStir-nend.a */; };
		06C7B49117114A02001783D2 /* libNendAd.a in Frameworks */ = {isa = PBXBuildFile; fileRef = 06C7B48F17114A02001783D2 /* libNendAd.a */; };
		06C7B49617114B20001783D2 /* libAdStir-AMoAD.a in Frameworks */ = {isa = PBXBuildFile; fileRef = 06C7B49517114B20001783D2 /* libAdStir-AMoAD.a */; };
		06C7B49817114B47001783D2 /* libAMoAd.a in Frameworks */ = {isa = PBXBuildFile; fileRef = 06C7B49717114B47001783D2 /* libAMoAd.a */; };
		06C7B4AD17114FC1001783D2 /* bakamon.png in Resources */ = {isa = PBXBuildFile; fileRef = 06C7B49A17114FC1001783D2 /* bakamon.png */; };
		06C7B4AE17114FC1001783D2 /* endbutton.png in Resources */ = {isa = PBXBuildFile; fileRef = 06C7B49B17114FC1001783D2 /* endbutton.png */; };
		06C7B4AF17114FC1001783D2 /* finger.png in Resources */ = {isa = PBXBuildFile; fileRef = 06C7B49C17114FC1001783D2 /* finger.png */; };
		06C7B4B017114FC1001783D2 /* hair.png in Resources */ = {isa = PBXBuildFile; fileRef = 06C7B49D17114FC1001783D2 /* hair.png */; };
		06C7B4B117114FC1001783D2 /* hairtwin.png in Resources */ = {isa = PBXBuildFile; fileRef = 06C7B49E17114FC1001783D2 /* hairtwin.png */; };
		06C7B4B317114FC1001783D2 /* house.png in Resources */ = {isa = PBXBuildFile; fileRef = 06C7B4A017114FC1001783D2 /* house.png */; };
		06C7B4B417114FC1001783D2 /* icon512.png in Resources */ = {isa = PBXBuildFile; fileRef = 06C7B4A117114FC1001783D2 /* icon512.png */; };
		06C7B4B517114FC1001783D2 /* likebutton.png in Resources */ = {isa = PBXBuildFile; fileRef = 06C7B4A217114FC1001783D2 /* likebutton.png */; };
		06C7B4B717114FC1001783D2 /* namiheihead.png in Resources */ = {isa = PBXBuildFile; fileRef = 06C7B4A417114FC1001783D2 /* namiheihead.png */; };
		06C7B4B817114FC1001783D2 /* namiheiHead4inch.png in Resources */ = {isa = PBXBuildFile; fileRef = 06C7B4A517114FC1001783D2 /* namiheiHead4inch.png */; };
		06C7B4B917114FC1001783D2 /* rankbutton.png in Resources */ = {isa = PBXBuildFile; fileRef = 06C7B4A617114FC1001783D2 /* rankbutton.png */; };
		06C7B4BB17114FC1001783D2 /* startbutton.png in Resources */ = {isa = PBXBuildFile; fileRef = 06C7B4A817114FC1001783D2 /* startbutton.png */; };
		06C7B4BC17114FC1001783D2 /* title.png in Resources */ = {isa = PBXBuildFile; fileRef = 06C7B4A917114FC1001783D2 /* title.png */; };
		06C7B4BD17114FC1001783D2 /* tweetbutton.png in Resources */ = {isa = PBXBuildFile; fileRef = 06C7B4AA17114FC1001783D2 /* tweetbutton.png */; };
		06C7B4BE17114FC1001783D2 /* udonkoapps.png in Resources */ = {isa = PBXBuildFile; fileRef = 06C7B4AB17114FC1001783D2 /* udonkoapps.png */; };
		06C7B4BF17114FC1001783D2 /* umiheicombo.png in Resources */ = {isa = PBXBuildFile; fileRef = 06C7B4AC17114FC1001783D2 /* umiheicombo.png */; };
		06C7B4CC171156A0001783D2 /* AppsListViewController.m in Sources */ = {isa = PBXBuildFile; fileRef = 06C7B4CB171156A0001783D2 /* AppsListViewController.m */; };
		06C7B4CE1711C4FA001783D2 /* Twitter.framework in Frameworks */ = {isa = PBXBuildFile; fileRef = 06C7B4CD1711C4F9001783D2 /* Twitter.framework */; };
		06C7B4D01711C509001783D2 /* Social.framework in Frameworks */ = {isa = PBXBuildFile; fileRef = 06C7B4CF1711C508001783D2 /* Social.framework */; settings = {ATTRIBUTES = (Weak, ); }; };
		06C7B4D21711C511001783D2 /* GameKit.framework in Frameworks */ = {isa = PBXBuildFile; fileRef = 06C7B4D11711C510001783D2 /* GameKit.framework */; };
		06C7B4DC1711C5DE001783D2 /* back.mp3 in Resources */ = {isa = PBXBuildFile; fileRef = 06C7B4D51711C5DE001783D2 /* back.mp3 */; };
		06C7B4DD1711C5DE001783D2 /* combo.mp3 in Resources */ = {isa = PBXBuildFile; fileRef = 06C7B4D61711C5DE001783D2 /* combo.mp3 */; };
		06C7B4DE1711C5DE001783D2 /* gameover.mp3 in Resources */ = {isa = PBXBuildFile; fileRef = 06C7B4D71711C5DE001783D2 /* gameover.mp3 */; };
		06C7B4DF1711C5DE001783D2 /* miss.mp3 in Resources */ = {isa = PBXBuildFile; fileRef = 06C7B4D81711C5DE001783D2 /* miss.mp3 */; };
		06C7B4E01711C5DE001783D2 /* ok.mp3 in Resources */ = {isa = PBXBuildFile; fileRef = 06C7B4D91711C5DE001783D2 /* ok.mp3 */; };
		06C7B4E11711C5DE001783D2 /* start.mp3 in Resources */ = {isa = PBXBuildFile; fileRef = 06C7B4DA1711C5DE001783D2 /* start.mp3 */; };
		06C7B4E21711C5DE001783D2 /* unplug.mp3 in Resources */ = {isa = PBXBuildFile; fileRef = 06C7B4DB1711C5DE001783D2 /* unplug.mp3 */; };
		06C7B4E41711C649001783D2 /* AudioToolbox.framework in Frameworks */ = {isa = PBXBuildFile; fileRef = 06C7B4E31711C649001783D2 /* AudioToolbox.framework */; };
		06C7B4E61711C996001783D2 /* AVFoundation.framework in Frameworks */ = {isa = PBXBuildFile; fileRef = 06C7B4E51711C996001783D2 /* AVFoundation.framework */; };
		06DD75841742A7FA00BD7EF1 /* MrdIconSDK.framework in Frameworks */ = {isa = PBXBuildFile; fileRef = 06DD75831742A7FA00BD7EF1 /* MrdIconSDK.framework */; settings = {ATTRIBUTES = (Required, ); }; };
		06DD75861742A84C00BD7EF1 /* CFNetwork.framework in Frameworks */ = {isa = PBXBuildFile; fileRef = 06DD75851742A84C00BD7EF1 /* CFNetwork.framework */; };
		06EC2A2D176D99E400B0BE84 /* GameFeatKit.framework in Frameworks */ = {isa = PBXBuildFile; fileRef = 06EC2A2C176D99E400B0BE84 /* GameFeatKit.framework */; };
		06EC2A2F176D99F800B0BE84 /* CoreTelephony.framework in Frameworks */ = {isa = PBXBuildFile; fileRef = 06EC2A2E176D99F800B0BE84 /* CoreTelephony.framework */; };
		06EC2A31176D9A0300B0BE84 /* StoreKit.framework in Frameworks */ = {isa = PBXBuildFile; fileRef = 06EC2A30176D9A0300B0BE84 /* StoreKit.framework */; };
		06EC2A40176D9B9500B0BE84 /* gamefeat_banner.png in Resources */ = {isa = PBXBuildFile; fileRef = 06EC2A33176D9B9500B0BE84 /* gamefeat_banner.png */; };
		06EC2A41176D9B9500B0BE84 /* gamefeat_bg_loading.png in Resources */ = {isa = PBXBuildFile; fileRef = 06EC2A34176D9B9500B0BE84 /* gamefeat_bg_loading.png */; };
		06EC2A42176D9B9500B0BE84 /* gamefeat_btn_back.png in Resources */ = {isa = PBXBuildFile; fileRef = 06EC2A35176D9B9500B0BE84 /* gamefeat_btn_back.png */; };
		06EC2A43176D9B9500B0BE84 /* gamefeat_btn_cancel.png in Resources */ = {isa = PBXBuildFile; fileRef = 06EC2A36176D9B9500B0BE84 /* gamefeat_btn_cancel.png */; };
		06EC2A44176D9B9500B0BE84 /* gamefeat_btn_update.png in Resources */ = {isa = PBXBuildFile; fileRef = 06EC2A37176D9B9500B0BE84 /* gamefeat_btn_update.png */; };
		06EC2A45176D9B9500B0BE84 /* gamefeat_error.html in Resources */ = {isa = PBXBuildFile; fileRef = 06EC2A38176D9B9500B0BE84 /* gamefeat_error.html */; };
		06EC2A46176D9B9500B0BE84 /* gamefeat_icon_error.png in Resources */ = {isa = PBXBuildFile; fileRef = 06EC2A39176D9B9500B0BE84 /* gamefeat_icon_error.png */; };
		06EC2A47176D9B9500B0BE84 /* gamefeat_overlay.html in Resources */ = {isa = PBXBuildFile; fileRef = 06EC2A3A176D9B9500B0BE84 /* gamefeat_overlay.html */; };
		06EC2A48176D9B9500B0BE84 /* gamefeat_overlay_close.png in Resources */ = {isa = PBXBuildFile; fileRef = 06EC2A3B176D9B9500B0BE84 /* gamefeat_overlay_close.png */; };
		06EC2A49176D9B9500B0BE84 /* gamefeat_overlay_l.png in Resources */ = {isa = PBXBuildFile; fileRef = 06EC2A3C176D9B9500B0BE84 /* gamefeat_overlay_l.png */; };
		06EC2A4A176D9B9500B0BE84 /* gamefeat_overlay_p.png in Resources */ = {isa = PBXBuildFile; fileRef = 06EC2A3D176D9B9500B0BE84 /* gamefeat_overlay_p.png */; };
		06EC2A4B176D9B9500B0BE84 /* gamefeat_rect_banner.png in Resources */ = {isa = PBXBuildFile; fileRef = 06EC2A3E176D9B9500B0BE84 /* gamefeat_rect_banner.png */; };
		06EC2A4C176D9B9500B0BE84 /* gamefeat_style.css in Resources */ = {isa = PBXBuildFile; fileRef = 06EC2A3F176D9B9500B0BE84 /* gamefeat_style.css */; };
		06EC2A4E176D9DC400B0BE84 /* applititle.png in Resources */ = {isa = PBXBuildFile; fileRef = 06EC2A4D176D9DC400B0BE84 /* applititle.png */; };
		06F1776A173FD80300376A7B /* libAdStir-iAd.a in Frameworks */ = {isa = PBXBuildFile; fileRef = 06F17769173FD80300376A7B /* libAdStir-iAd.a */; };
		06F1776C173FD81300376A7B /* iAd.framework in Frameworks */ = {isa = PBXBuildFile; fileRef = 06F1776B173FD81300376A7B /* iAd.framework */; };
		06FDA2B2171AED3800F09F33 /* GameViewController.m in Sources */ = {isa = PBXBuildFile; fileRef = 06FDA2B1171AED3800F09F33 /* GameViewController.m */; };
		06FF4544171D997400907758 /* icon.png in Resources */ = {isa = PBXBuildFile; fileRef = 06FF4542171D997400907758 /* icon.png */; };
		06FF4545171D997400907758 /* icon@2x.png in Resources */ = {isa = PBXBuildFile; fileRef = 06FF4543171D997400907758 /* icon@2x.png */; };
		06FF4547171D998F00907758 /* Default.png in Resources */ = {isa = PBXBuildFile; fileRef = 06FF4546171D998F00907758 /* Default.png */; };
		06FF4549171D999300907758 /* Default@2x.png in Resources */ = {isa = PBXBuildFile; fileRef = 06FF4548171D999300907758 /* Default@2x.png */; };
		06FF454B171D999800907758 /* Default-568h@2x.png in Resources */ = {isa = PBXBuildFile; fileRef = 06FF454A171D999800907758 /* Default-568h@2x.png */; };
/* End PBXBuildFile section */

/* Begin PBXFileReference section */
		0630BB3C17DE2E2100BF4184 /* Bead.h */ = {isa = PBXFileReference; fileEncoding = 4; lastKnownFileType = sourcecode.c.h; path = Bead.h; sourceTree = "<group>"; };
		0630BB3D17DE2E2100BF4184 /* libBead.a */ = {isa = PBXFileReference; lastKnownFileType = archive.ar; path = libBead.a; sourceTree = "<group>"; };
		06657FEE176C4C7700728370 /* gamefeatbutton.png */ = {isa = PBXFileReference; lastKnownFileType = image.png; path = gamefeatbutton.png; sourceTree = "<group>"; };
		06A58AF91748CD88000C7FEA /* lineButton.png */ = {isa = PBXFileReference; lastKnownFileType = image.png; path = lineButton.png; sourceTree = "<group>"; };
		06B75DF917D4EEE4003173A8 /* ImageIO.framework */ = {isa = PBXFileReference; lastKnownFileType = wrapper.framework; name = ImageIO.framework; path = System/Library/Frameworks/ImageIO.framework; sourceTree = SDKROOT; };
		06B75DFB17D4EEEB003173A8 /* CoreMotion.framework */ = {isa = PBXFileReference; lastKnownFileType = wrapper.framework; name = CoreMotion.framework; path = System/Library/Frameworks/CoreMotion.framework; sourceTree = SDKROOT; };
		06C7B44F171147B3001783D2 /* TheLastHair.app */ = {isa = PBXFileReference; explicitFileType = wrapper.application; includeInIndex = 0; path = TheLastHair.app; sourceTree = BUILT_PRODUCTS_DIR; };
		06C7B452171147B3001783D2 /* UIKit.framework */ = {isa = PBXFileReference; lastKnownFileType = wrapper.framework; name = UIKit.framework; path = System/Library/Frameworks/UIKit.framework; sourceTree = SDKROOT; };
		06C7B454171147B3001783D2 /* Foundation.framework */ = {isa = PBXFileReference; lastKnownFileType = wrapper.framework; name = Foundation.framework; path = System/Library/Frameworks/Foundation.framework; sourceTree = SDKROOT; };
		06C7B456171147B3001783D2 /* CoreGraphics.framework */ = {isa = PBXFileReference; lastKnownFileType = wrapper.framework; name = CoreGraphics.framework; path = System/Library/Frameworks/CoreGraphics.framework; sourceTree = SDKROOT; };
		06C7B45A171147B3001783D2 /* TheLastHair-Info.plist */ = {isa = PBXFileReference; lastKnownFileType = text.plist.xml; path = "TheLastHair-Info.plist"; sourceTree = "<group>"; };
		06C7B45C171147B3001783D2 /* en */ = {isa = PBXFileReference; lastKnownFileType = text.plist.strings; name = en; path = en.lproj/InfoPlist.strings; sourceTree = "<group>"; };
		06C7B45E171147B3001783D2 /* main.m */ = {isa = PBXFileReference; lastKnownFileType = sourcecode.c.objc; path = main.m; sourceTree = "<group>"; };
		06C7B460171147B3001783D2 /* TheLastHair-Prefix.pch */ = {isa = PBXFileReference; lastKnownFileType = sourcecode.c.h; path = "TheLastHair-Prefix.pch"; sourceTree = "<group>"; };
		06C7B461171147B3001783D2 /* AppDelegate.h */ = {isa = PBXFileReference; lastKnownFileType = sourcecode.c.h; path = AppDelegate.h; sourceTree = "<group>"; };
		06C7B462171147B3001783D2 /* AppDelegate.m */ = {isa = PBXFileReference; lastKnownFileType = sourcecode.c.objc; path = AppDelegate.m; sourceTree = "<group>"; };
		06C7B464171147B3001783D2 /* Default.png */ = {isa = PBXFileReference; lastKnownFileType = image.png; path = Default.png; sourceTree = "<group>"; };
		06C7B466171147B3001783D2 /* Default@2x.png */ = {isa = PBXFileReference; lastKnownFileType = image.png; path = "Default@2x.png"; sourceTree = "<group>"; };
		06C7B468171147B3001783D2 /* Default-568h@2x.png */ = {isa = PBXFileReference; lastKnownFileType = image.png; path = "Default-568h@2x.png"; sourceTree = "<group>"; };
		06C7B46B171147B3001783D2 /* en */ = {isa = PBXFileReference; lastKnownFileType = file.storyboard; name = en; path = en.lproj/MainStoryboard.storyboard; sourceTree = "<group>"; };
		06C7B46D171147B3001783D2 /* ViewController.h */ = {isa = PBXFileReference; lastKnownFileType = sourcecode.c.h; path = ViewController.h; sourceTree = "<group>"; };
		06C7B46E171147B3001783D2 /* ViewController.m */ = {isa = PBXFileReference; lastKnownFileType = sourcecode.c.objc; path = ViewController.m; sourceTree = "<group>"; };
		06C7B4761711480C001783D2 /* AdstirView.h */ = {isa = PBXFileReference; fileEncoding = 4; lastKnownFileType = sourcecode.c.h; path = AdstirView.h; sourceTree = "<group>"; };
		06C7B4771711480C001783D2 /* libAdStir.a */ = {isa = PBXFileReference; lastKnownFileType = archive.ar; path = libAdStir.a; sourceTree = "<group>"; };
		06C7B4791711481B001783D2 /* MediaPlayer.framework */ = {isa = PBXFileReference; lastKnownFileType = wrapper.framework; name = MediaPlayer.framework; path = System/Library/Frameworks/MediaPlayer.framework; sourceTree = SDKROOT; };
		06C7B47B17114823001783D2 /* QuartzCore.framework */ = {isa = PBXFileReference; lastKnownFileType = wrapper.framework; name = QuartzCore.framework; path = System/Library/Frameworks/QuartzCore.framework; sourceTree = SDKROOT; };
		06C7B47D1711482E001783D2 /* CoreLocation.framework */ = {isa = PBXFileReference; lastKnownFileType = wrapper.framework; name = CoreLocation.framework; path = System/Library/Frameworks/CoreLocation.framework; sourceTree = SDKROOT; };
		06C7B47F17114838001783D2 /* SystemConfiguration.framework */ = {isa = PBXFileReference; lastKnownFileType = wrapper.framework; name = SystemConfiguration.framework; path = System/Library/Frameworks/SystemConfiguration.framework; sourceTree = SDKROOT; };
		06C7B48117114843001783D2 /* AdSupport.framework */ = {isa = PBXFileReference; lastKnownFileType = wrapper.framework; name = AdSupport.framework; path = System/Library/Frameworks/AdSupport.framework; sourceTree = SDKROOT; };
		06C7B4841711486A001783D2 /* CHANGELOG.md */ = {isa = PBXFileReference; fileEncoding = 4; lastKnownFileType = text; path = CHANGELOG.md; sourceTree = "<group>"; };
		06C7B4851711486A001783D2 /* JSONKit.h */ = {isa = PBXFileReference; fileEncoding = 4; lastKnownFileType = sourcecode.c.h; path = JSONKit.h; sourceTree = "<group>"; };
		06C7B4861711486A001783D2 /* JSONKit.m */ = {isa = PBXFileReference; fileEncoding = 4; lastKnownFileType = sourcecode.c.objc; path = JSONKit.m; sourceTree = "<group>"; };
		06C7B4871711486A001783D2 /* README.md */ = {isa = PBXFileReference; fileEncoding = 4; lastKnownFileType = text; path = README.md; sourceTree = "<group>"; };
		06C7B48B171149D7001783D2 /* Security.framework */ = {isa = PBXFileReference; lastKnownFileType = wrapper.framework; name = Security.framework; path = System/Library/Frameworks/Security.framework; sourceTree = SDKROOT; };
		06C7B48D171149ED001783D2 /* libAdStir-nend.a */ = {isa = PBXFileReference; lastKnownFileType = archive.ar; path = "libAdStir-nend.a"; sourceTree = "<group>"; };
		06C7B48F17114A02001783D2 /* libNendAd.a */ = {isa = PBXFileReference; lastKnownFileType = archive.ar; path = libNendAd.a; sourceTree = "<group>"; };
		06C7B49017114A02001783D2 /* NADView.h */ = {isa = PBXFileReference; fileEncoding = 4; lastKnownFileType = sourcecode.c.h; path = NADView.h; sourceTree = "<group>"; };
		06C7B49517114B20001783D2 /* libAdStir-AMoAD.a */ = {isa = PBXFileReference; lastKnownFileType = archive.ar; path = "libAdStir-AMoAD.a"; sourceTree = "<group>"; };
		06C7B49717114B47001783D2 /* libAMoAd.a */ = {isa = PBXFileReference; lastKnownFileType = archive.ar; path = libAMoAd.a; sourceTree = "<group>"; };
		06C7B49A17114FC1001783D2 /* bakamon.png */ = {isa = PBXFileReference; lastKnownFileType = image.png; path = bakamon.png; sourceTree = "<group>"; };
		06C7B49B17114FC1001783D2 /* endbutton.png */ = {isa = PBXFileReference; lastKnownFileType = image.png; path = endbutton.png; sourceTree = "<group>"; };
		06C7B49C17114FC1001783D2 /* finger.png */ = {isa = PBXFileReference; lastKnownFileType = image.png; path = finger.png; sourceTree = "<group>"; };
		06C7B49D17114FC1001783D2 /* hair.png */ = {isa = PBXFileReference; lastKnownFileType = image.png; path = hair.png; sourceTree = "<group>"; };
		06C7B49E17114FC1001783D2 /* hairtwin.png */ = {isa = PBXFileReference; lastKnownFileType = image.png; path = hairtwin.png; sourceTree = "<group>"; };
		06C7B4A017114FC1001783D2 /* house.png */ = {isa = PBXFileReference; lastKnownFileType = image.png; path = house.png; sourceTree = "<group>"; };
		06C7B4A117114FC1001783D2 /* icon512.png */ = {isa = PBXFileReference; lastKnownFileType = image.png; path = icon512.png; sourceTree = "<group>"; };
		06C7B4A217114FC1001783D2 /* likebutton.png */ = {isa = PBXFileReference; lastKnownFileType = image.png; path = likebutton.png; sourceTree = "<group>"; };
		06C7B4A417114FC1001783D2 /* namiheihead.png */ = {isa = PBXFileReference; lastKnownFileType = image.png; path = namiheihead.png; sourceTree = "<group>"; };
		06C7B4A517114FC1001783D2 /* namiheiHead4inch.png */ = {isa = PBXFileReference; lastKnownFileType = image.png; path = namiheiHead4inch.png; sourceTree = "<group>"; };
		06C7B4A617114FC1001783D2 /* rankbutton.png */ = {isa = PBXFileReference; lastKnownFileType = image.png; path = rankbutton.png; sourceTree = "<group>"; };
		06C7B4A817114FC1001783D2 /* startbutton.png */ = {isa = PBXFileReference; lastKnownFileType = image.png; path = startbutton.png; sourceTree = "<group>"; };
		06C7B4A917114FC1001783D2 /* title.png */ = {isa = PBXFileReference; lastKnownFileType = image.png; path = title.png; sourceTree = "<group>"; };
		06C7B4AA17114FC1001783D2 /* tweetbutton.png */ = {isa = PBXFileReference; lastKnownFileType = image.png; path = tweetbutton.png; sourceTree = "<group>"; };
		06C7B4AB17114FC1001783D2 /* udonkoapps.png */ = {isa = PBXFileReference; lastKnownFileType = image.png; path = udonkoapps.png; sourceTree = "<group>"; };
		06C7B4AC17114FC1001783D2 /* umiheicombo.png */ = {isa = PBXFileReference; lastKnownFileType = image.png; path = umiheicombo.png; sourceTree = "<group>"; };
		06C7B4CA171156A0001783D2 /* AppsListViewController.h */ = {isa = PBXFileReference; fileEncoding = 4; lastKnownFileType = sourcecode.c.h; path = AppsListViewController.h; sourceTree = "<group>"; };
		06C7B4CB171156A0001783D2 /* AppsListViewController.m */ = {isa = PBXFileReference; fileEncoding = 4; lastKnownFileType = sourcecode.c.objc; path = AppsListViewController.m; sourceTree = "<group>"; };
		06C7B4CD1711C4F9001783D2 /* Twitter.framework */ = {isa = PBXFileReference; lastKnownFileType = wrapper.framework; name = Twitter.framework; path = System/Library/Frameworks/Twitter.framework; sourceTree = SDKROOT; };
		06C7B4CF1711C508001783D2 /* Social.framework */ = {isa = PBXFileReference; lastKnownFileType = wrapper.framework; name = Social.framework; path = System/Library/Frameworks/Social.framework; sourceTree = SDKROOT; };
		06C7B4D11711C510001783D2 /* GameKit.framework */ = {isa = PBXFileReference; lastKnownFileType = wrapper.framework; name = GameKit.framework; path = System/Library/Frameworks/GameKit.framework; sourceTree = SDKROOT; };
		06C7B4D51711C5DE001783D2 /* back.mp3 */ = {isa = PBXFileReference; lastKnownFileType = audio.mp3; path = back.mp3; sourceTree = "<group>"; };
		06C7B4D61711C5DE001783D2 /* combo.mp3 */ = {isa = PBXFileReference; lastKnownFileType = audio.mp3; path = combo.mp3; sourceTree = "<group>"; };
		06C7B4D71711C5DE001783D2 /* gameover.mp3 */ = {isa = PBXFileReference; lastKnownFileType = audio.mp3; path = gameover.mp3; sourceTree = "<group>"; };
		06C7B4D81711C5DE001783D2 /* miss.mp3 */ = {isa = PBXFileReference; lastKnownFileType = audio.mp3; path = miss.mp3; sourceTree = "<group>"; };
		06C7B4D91711C5DE001783D2 /* ok.mp3 */ = {isa = PBXFileReference; lastKnownFileType = audio.mp3; path = ok.mp3; sourceTree = "<group>"; };
		06C7B4DA1711C5DE001783D2 /* start.mp3 */ = {isa = PBXFileReference; lastKnownFileType = audio.mp3; path = start.mp3; sourceTree = "<group>"; };
		06C7B4DB1711C5DE001783D2 /* unplug.mp3 */ = {isa = PBXFileReference; lastKnownFileType = audio.mp3; path = unplug.mp3; sourceTree = "<group>"; };
		06C7B4E31711C649001783D2 /* AudioToolbox.framework */ = {isa = PBXFileReference; lastKnownFileType = wrapper.framework; name = AudioToolbox.framework; path = System/Library/Frameworks/AudioToolbox.framework; sourceTree = SDKROOT; };
		06C7B4E51711C996001783D2 /* AVFoundation.framework */ = {isa = PBXFileReference; lastKnownFileType = wrapper.framework; name = AVFoundation.framework; path = System/Library/Frameworks/AVFoundation.framework; sourceTree = SDKROOT; };
		06DD75831742A7FA00BD7EF1 /* MrdIconSDK.framework */ = {isa = PBXFileReference; lastKnownFileType = wrapper.framework; path = MrdIconSDK.framework; sourceTree = "<group>"; };
		06DD75851742A84C00BD7EF1 /* CFNetwork.framework */ = {isa = PBXFileReference; lastKnownFileType = wrapper.framework; name = CFNetwork.framework; path = System/Library/Frameworks/CFNetwork.framework; sourceTree = SDKROOT; };
		06EC2A2C176D99E400B0BE84 /* GameFeatKit.framework */ = {isa = PBXFileReference; lastKnownFileType = wrapper.framework; path = GameFeatKit.framework; sourceTree = "<group>"; };
		06EC2A2E176D99F800B0BE84 /* CoreTelephony.framework */ = {isa = PBXFileReference; lastKnownFileType = wrapper.framework; name = CoreTelephony.framework; path = System/Library/Frameworks/CoreTelephony.framework; sourceTree = SDKROOT; };
		06EC2A30176D9A0300B0BE84 /* StoreKit.framework */ = {isa = PBXFileReference; lastKnownFileType = wrapper.framework; name = StoreKit.framework; path = System/Library/Frameworks/StoreKit.framework; sourceTree = SDKROOT; };
		06EC2A33176D9B9500B0BE84 /* gamefeat_banner.png */ = {isa = PBXFileReference; lastKnownFileType = image.png; path = gamefeat_banner.png; sourceTree = "<group>"; };
		06EC2A34176D9B9500B0BE84 /* gamefeat_bg_loading.png */ = {isa = PBXFileReference; lastKnownFileType = image.png; path = gamefeat_bg_loading.png; sourceTree = "<group>"; };
		06EC2A35176D9B9500B0BE84 /* gamefeat_btn_back.png */ = {isa = PBXFileReference; lastKnownFileType = image.png; path = gamefeat_btn_back.png; sourceTree = "<group>"; };
		06EC2A36176D9B9500B0BE84 /* gamefeat_btn_cancel.png */ = {isa = PBXFileReference; lastKnownFileType = image.png; path = gamefeat_btn_cancel.png; sourceTree = "<group>"; };
		06EC2A37176D9B9500B0BE84 /* gamefeat_btn_update.png */ = {isa = PBXFileReference; lastKnownFileType = image.png; path = gamefeat_btn_update.png; sourceTree = "<group>"; };
		06EC2A38176D9B9500B0BE84 /* gamefeat_error.html */ = {isa = PBXFileReference; fileEncoding = 4; lastKnownFileType = text.html; path = gamefeat_error.html; sourceTree = "<group>"; };
		06EC2A39176D9B9500B0BE84 /* gamefeat_icon_error.png */ = {isa = PBXFileReference; lastKnownFileType = image.png; path = gamefeat_icon_error.png; sourceTree = "<group>"; };
		06EC2A3A176D9B9500B0BE84 /* gamefeat_overlay.html */ = {isa = PBXFileReference; fileEncoding = 4; lastKnownFileType = text.html; path = gamefeat_overlay.html; sourceTree = "<group>"; };
		06EC2A3B176D9B9500B0BE84 /* gamefeat_overlay_close.png */ = {isa = PBXFileReference; lastKnownFileType = image.png; path = gamefeat_overlay_close.png; sourceTree = "<group>"; };
		06EC2A3C176D9B9500B0BE84 /* gamefeat_overlay_l.png */ = {isa = PBXFileReference; lastKnownFileType = image.png; path = gamefeat_overlay_l.png; sourceTree = "<group>"; };
		06EC2A3D176D9B9500B0BE84 /* gamefeat_overlay_p.png */ = {isa = PBXFileReference; lastKnownFileType = image.png; path = gamefeat_overlay_p.png; sourceTree = "<group>"; };
		06EC2A3E176D9B9500B0BE84 /* gamefeat_rect_banner.png */ = {isa = PBXFileReference; lastKnownFileType = image.png; path = gamefeat_rect_banner.png; sourceTree = "<group>"; };
		06EC2A3F176D9B9500B0BE84 /* gamefeat_style.css */ = {isa = PBXFileReference; fileEncoding = 4; lastKnownFileType = text.css; path = gamefeat_style.css; sourceTree = "<group>"; };
		06EC2A4D176D9DC400B0BE84 /* applititle.png */ = {isa = PBXFileReference; lastKnownFileType = image.png; path = applititle.png; sourceTree = "<group>"; };
		06F17769173FD80300376A7B /* libAdStir-iAd.a */ = {isa = PBXFileReference; lastKnownFileType = archive.ar; path = "libAdStir-iAd.a"; sourceTree = "<group>"; };
		06F1776B173FD81300376A7B /* iAd.framework */ = {isa = PBXFileReference; lastKnownFileType = wrapper.framework; name = iAd.framework; path = System/Library/Frameworks/iAd.framework; sourceTree = SDKROOT; };
		06FDA2B0171AED3800F09F33 /* GameViewController.h */ = {isa = PBXFileReference; fileEncoding = 4; lastKnownFileType = sourcecode.c.h; path = GameViewController.h; sourceTree = "<group>"; };
		06FDA2B1171AED3800F09F33 /* GameViewController.m */ = {isa = PBXFileReference; fileEncoding = 4; lastKnownFileType = sourcecode.c.objc; path = GameViewController.m; sourceTree = "<group>"; };
		06FDA2B3171B017200F09F33 /* ja */ = {isa = PBXFileReference; lastKnownFileType = text.plist.strings; name = ja; path = ja.lproj/InfoPlist.strings; sourceTree = "<group>"; };
		06FF4542171D997400907758 /* icon.png */ = {isa = PBXFileReference; lastKnownFileType = image.png; path = icon.png; sourceTree = "<group>"; };
		06FF4543171D997400907758 /* icon@2x.png */ = {isa = PBXFileReference; lastKnownFileType = image.png; path = "icon@2x.png"; sourceTree = "<group>"; };
		06FF4546171D998F00907758 /* Default.png */ = {isa = PBXFileReference; lastKnownFileType = image.png; path = Default.png; sourceTree = "<group>"; };
		06FF4548171D999300907758 /* Default@2x.png */ = {isa = PBXFileReference; lastKnownFileType = image.png; path = "Default@2x.png"; sourceTree = "<group>"; };
		06FF454A171D999800907758 /* Default-568h@2x.png */ = {isa = PBXFileReference; lastKnownFileType = image.png; path = "Default-568h@2x.png"; sourceTree = "<group>"; };
/* End PBXFileReference section */

/* Begin PBXFrameworksBuildPhase section */
		06C7B44C171147B3001783D2 /* Frameworks */ = {
			isa = PBXFrameworksBuildPhase;
			buildActionMask = 2147483647;
			files = (
				06C7B457171147B3001783D2 /* CoreGraphics.framework in Frameworks */,
				06B75DFC17D4EEEB003173A8 /* CoreMotion.framework in Frameworks */,
				06B75DFA17D4EEE4003173A8 /* ImageIO.framework in Frameworks */,
				06EC2A31176D9A0300B0BE84 /* StoreKit.framework in Frameworks */,
				06EC2A2F176D99F800B0BE84 /* CoreTelephony.framework in Frameworks */,
				06DD75861742A84C00BD7EF1 /* CFNetwork.framework in Frameworks */,
				06F1776C173FD81300376A7B /* iAd.framework in Frameworks */,
				06C7B4E61711C996001783D2 /* AVFoundation.framework in Frameworks */,
				06C7B4E41711C649001783D2 /* AudioToolbox.framework in Frameworks */,
				06C7B4D21711C511001783D2 /* GameKit.framework in Frameworks */,
				06DD75841742A7FA00BD7EF1 /* MrdIconSDK.framework in Frameworks */,
				06C7B4D01711C509001783D2 /* Social.framework in Frameworks */,
				06C7B4CE1711C4FA001783D2 /* Twitter.framework in Frameworks */,
				06C7B48C171149D7001783D2 /* Security.framework in Frameworks */,
				06C7B48217114843001783D2 /* AdSupport.framework in Frameworks */,
				06C7B48017114838001783D2 /* SystemConfiguration.framework in Frameworks */,
				06C7B47E1711482E001783D2 /* CoreLocation.framework in Frameworks */,
				06C7B47C17114823001783D2 /* QuartzCore.framework in Frameworks */,
				06C7B47A1711481B001783D2 /* MediaPlayer.framework in Frameworks */,
				06C7B453171147B3001783D2 /* UIKit.framework in Frameworks */,
				06C7B455171147B3001783D2 /* Foundation.framework in Frameworks */,
				06C7B4781711480C001783D2 /* libAdStir.a in Frameworks */,
				06C7B48E171149ED001783D2 /* libAdStir-nend.a in Frameworks */,
				06C7B49117114A02001783D2 /* libNendAd.a in Frameworks */,
				06C7B49617114B20001783D2 /* libAdStir-AMoAD.a in Frameworks */,
				06C7B49817114B47001783D2 /* libAMoAd.a in Frameworks */,
				06F1776A173FD80300376A7B /* libAdStir-iAd.a in Frameworks */,
				06EC2A2D176D99E400B0BE84 /* GameFeatKit.framework in Frameworks */,
				0630BB3E17DE2E2100BF4184 /* libBead.a in Frameworks */,
			);
			runOnlyForDeploymentPostprocessing = 0;
		};
/* End PBXFrameworksBuildPhase section */

/* Begin PBXGroup section */
		06C7B446171147B3001783D2 = {
			isa = PBXGroup;
			children = (
				06FF454A171D999800907758 /* Default-568h@2x.png */,
				06FF4548171D999300907758 /* Default@2x.png */,
				06FF4546171D998F00907758 /* Default.png */,
				06C7B458171147B3001783D2 /* TheLastHair */,
				06C7B475171147CB001783D2 /* ad */,
				06C7B451171147B3001783D2 /* Frameworks */,
				06C7B450171147B3001783D2 /* Products */,
			);
			sourceTree = "<group>";
		};
		06C7B450171147B3001783D2 /* Products */ = {
			isa = PBXGroup;
			children = (
				06C7B44F171147B3001783D2 /* TheLastHair.app */,
			);
			name = Products;
			sourceTree = "<group>";
		};
		06C7B451171147B3001783D2 /* Frameworks */ = {
			isa = PBXGroup;
			children = (
				06B75DFB17D4EEEB003173A8 /* CoreMotion.framework */,
				06B75DF917D4EEE4003173A8 /* ImageIO.framework */,
				06EC2A30176D9A0300B0BE84 /* StoreKit.framework */,
				06EC2A2E176D99F800B0BE84 /* CoreTelephony.framework */,
				06EC2A2C176D99E400B0BE84 /* GameFeatKit.framework */,
				06DD75851742A84C00BD7EF1 /* CFNetwork.framework */,
				06DD75831742A7FA00BD7EF1 /* MrdIconSDK.framework */,
				06F1776B173FD81300376A7B /* iAd.framework */,
				06C7B4E51711C996001783D2 /* AVFoundation.framework */,
				06C7B4E31711C649001783D2 /* AudioToolbox.framework */,
				06C7B4D11711C510001783D2 /* GameKit.framework */,
				06C7B4CF1711C508001783D2 /* Social.framework */,
				06C7B4CD1711C4F9001783D2 /* Twitter.framework */,
				06C7B48B171149D7001783D2 /* Security.framework */,
				06C7B48117114843001783D2 /* AdSupport.framework */,
				06C7B47F17114838001783D2 /* SystemConfiguration.framework */,
				06C7B47D1711482E001783D2 /* CoreLocation.framework */,
				06C7B47B17114823001783D2 /* QuartzCore.framework */,
				06C7B4791711481B001783D2 /* MediaPlayer.framework */,
				06C7B452171147B3001783D2 /* UIKit.framework */,
				06C7B454171147B3001783D2 /* Foundation.framework */,
				06C7B456171147B3001783D2 /* CoreGraphics.framework */,
			);
			name = Frameworks;
			sourceTree = "<group>";
		};
		06C7B458171147B3001783D2 /* TheLastHair */ = {
			isa = PBXGroup;
			children = (
				06C7B461171147B3001783D2 /* AppDelegate.h */,
				06C7B462171147B3001783D2 /* AppDelegate.m */,
				06C7B46D171147B3001783D2 /* ViewController.h */,
				06C7B46E171147B3001783D2 /* ViewController.m */,
				06FDA2B0171AED3800F09F33 /* GameViewController.h */,
				06FDA2B1171AED3800F09F33 /* GameViewController.m */,
				06C7B4CA171156A0001783D2 /* AppsListViewController.h */,
				06C7B4CB171156A0001783D2 /* AppsListViewController.m */,
				06C7B46A171147B3001783D2 /* MainStoryboard.storyboard */,
				06C7B4D41711C5DE001783D2 /* sound */,
				06C7B49917114ECC001783D2 /* images */,
				06C7B459171147B3001783D2 /* Supporting Files */,
			);
			path = TheLastHair;
			sourceTree = "<group>";
		};
		06C7B459171147B3001783D2 /* Supporting Files */ = {
			isa = PBXGroup;
			children = (
				06C7B45A171147B3001783D2 /* TheLastHair-Info.plist */,
				06C7B45B171147B3001783D2 /* InfoPlist.strings */,
				06C7B45E171147B3001783D2 /* main.m */,
				06C7B460171147B3001783D2 /* TheLastHair-Prefix.pch */,
				06C7B464171147B3001783D2 /* Default.png */,
				06C7B466171147B3001783D2 /* Default@2x.png */,
				06C7B468171147B3001783D2 /* Default-568h@2x.png */,
			);
			name = "Supporting Files";
			sourceTree = "<group>";
		};
		06C7B475171147CB001783D2 /* ad */ = {
			isa = PBXGroup;
			children = (
				06DD757F1742A75900BD7EF1 /* bead */,
				06F17768173FD7EE00376A7B /* iAd */,
				06C7B49417114AF6001783D2 /* Amoad */,
				06C7B49317114AEA001783D2 /* Adstir */,
				06C7B49217114ACD001783D2 /* Appbank */,
				06C7B4831711486A001783D2 /* JSONKit */,
			);
			name = ad;
			path = TheLastHair;
			sourceTree = "<group>";
		};
		06C7B4831711486A001783D2 /* JSONKit */ = {
			isa = PBXGroup;
			children = (
				06C7B4841711486A001783D2 /* CHANGELOG.md */,
				06C7B4851711486A001783D2 /* JSONKit.h */,
				06C7B4861711486A001783D2 /* JSONKit.m */,
				06C7B4871711486A001783D2 /* README.md */,
			);
			path = JSONKit;
			sourceTree = "<group>";
		};
		06C7B49217114ACD001783D2 /* Appbank */ = {
			isa = PBXGroup;
			children = (
				06C7B48D171149ED001783D2 /* libAdStir-nend.a */,
				06C7B48F17114A02001783D2 /* libNendAd.a */,
				06C7B49017114A02001783D2 /* NADView.h */,
			);
			name = Appbank;
			sourceTree = "<group>";
		};
		06C7B49317114AEA001783D2 /* Adstir */ = {
			isa = PBXGroup;
			children = (
				06C7B4761711480C001783D2 /* AdstirView.h */,
				06C7B4771711480C001783D2 /* libAdStir.a */,
			);
			name = Adstir;
			sourceTree = "<group>";
		};
		06C7B49417114AF6001783D2 /* Amoad */ = {
			isa = PBXGroup;
			children = (
				06C7B49717114B47001783D2 /* libAMoAd.a */,
				06C7B49517114B20001783D2 /* libAdStir-AMoAD.a */,
			);
			name = Amoad;
			sourceTree = "<group>";
		};
		06C7B49917114ECC001783D2 /* images */ = {
			isa = PBXGroup;
			children = (
				06EC2A4D176D9DC400B0BE84 /* applititle.png */,
				06EC2A32176D9B9500B0BE84 /* gamefeat */,
				06657FEE176C4C7700728370 /* gamefeatbutton.png */,
				06A58AF91748CD88000C7FEA /* lineButton.png */,
				06FF4542171D997400907758 /* icon.png */,
				06FF4543171D997400907758 /* icon@2x.png */,
				06C7B49A17114FC1001783D2 /* bakamon.png */,
				06C7B49B17114FC1001783D2 /* endbutton.png */,
				06C7B49C17114FC1001783D2 /* finger.png */,
				06C7B49D17114FC1001783D2 /* hair.png */,
				06C7B49E17114FC1001783D2 /* hairtwin.png */,
				06C7B4A017114FC1001783D2 /* house.png */,
				06C7B4A117114FC1001783D2 /* icon512.png */,
				06C7B4A217114FC1001783D2 /* likebutton.png */,
				06C7B4A417114FC1001783D2 /* namiheihead.png */,
				06C7B4A517114FC1001783D2 /* namiheiHead4inch.png */,
				06C7B4A617114FC1001783D2 /* rankbutton.png */,
				06C7B4A817114FC1001783D2 /* startbutton.png */,
				06C7B4A917114FC1001783D2 /* title.png */,
				06C7B4AA17114FC1001783D2 /* tweetbutton.png */,
				06C7B4AB17114FC1001783D2 /* udonkoapps.png */,
				06C7B4AC17114FC1001783D2 /* umiheicombo.png */,
			);
			name = images;
			sourceTree = "<group>";
		};
		06C7B4D41711C5DE001783D2 /* sound */ = {
			isa = PBXGroup;
			children = (
				06C7B4D51711C5DE001783D2 /* back.mp3 */,
				06C7B4D61711C5DE001783D2 /* combo.mp3 */,
				06C7B4D71711C5DE001783D2 /* gameover.mp3 */,
				06C7B4D81711C5DE001783D2 /* miss.mp3 */,
				06C7B4D91711C5DE001783D2 /* ok.mp3 */,
				06C7B4DA1711C5DE001783D2 /* start.mp3 */,
				06C7B4DB1711C5DE001783D2 /* unplug.mp3 */,
			);
			path = sound;
			sourceTree = "<group>";
		};
		06DD757F1742A75900BD7EF1 /* bead */ = {
			isa = PBXGroup;
			children = (
				0630BB3C17DE2E2100BF4184 /* Bead.h */,
				0630BB3D17DE2E2100BF4184 /* libBead.a */,
			);
			name = bead;
			sourceTree = "<group>";
		};
		06EC2A32176D9B9500B0BE84 /* gamefeat */ = {
			isa = PBXGroup;
			children = (
				06EC2A33176D9B9500B0BE84 /* gamefeat_banner.png */,
				06EC2A34176D9B9500B0BE84 /* gamefeat_bg_loading.png */,
				06EC2A35176D9B9500B0BE84 /* gamefeat_btn_back.png */,
				06EC2A36176D9B9500B0BE84 /* gamefeat_btn_cancel.png */,
				06EC2A37176D9B9500B0BE84 /* gamefeat_btn_update.png */,
				06EC2A38176D9B9500B0BE84 /* gamefeat_error.html */,
				06EC2A39176D9B9500B0BE84 /* gamefeat_icon_error.png */,
				06EC2A3A176D9B9500B0BE84 /* gamefeat_overlay.html */,
				06EC2A3B176D9B9500B0BE84 /* gamefeat_overlay_close.png */,
				06EC2A3C176D9B9500B0BE84 /* gamefeat_overlay_l.png */,
				06EC2A3D176D9B9500B0BE84 /* gamefeat_overlay_p.png */,
				06EC2A3E176D9B9500B0BE84 /* gamefeat_rect_banner.png */,
				06EC2A3F176D9B9500B0BE84 /* gamefeat_style.css */,
			);
			path = gamefeat;
			sourceTree = "<group>";
		};
		06F17768173FD7EE00376A7B /* iAd */ = {
			isa = PBXGroup;
			children = (
				06F17769173FD80300376A7B /* libAdStir-iAd.a */,
			);
			name = iAd;
			sourceTree = "<group>";
		};
/* End PBXGroup section */

/* Begin PBXNativeTarget section */
		06C7B44E171147B3001783D2 /* TheLastHair */ = {
			isa = PBXNativeTarget;
			buildConfigurationList = 06C7B472171147B3001783D2 /* Build configuration list for PBXNativeTarget "TheLastHair" */;
			buildPhases = (
				06C7B44B171147B3001783D2 /* Sources */,
				06C7B44C171147B3001783D2 /* Frameworks */,
				06C7B44D171147B3001783D2 /* Resources */,
			);
			buildRules = (
			);
			dependencies = (
			);
			name = TheLastHair;
			productName = TheLastHair;
			productReference = 06C7B44F171147B3001783D2 /* TheLastHair.app */;
			productType = "com.apple.product-type.application";
		};
/* End PBXNativeTarget section */

/* Begin PBXProject section */
		06C7B447171147B3001783D2 /* Project object */ = {
			isa = PBXProject;
			attributes = {
				LastUpgradeCheck = 0460;
				ORGANIZATIONNAME = UDONKONET;
			};
			buildConfigurationList = 06C7B44A171147B3001783D2 /* Build configuration list for PBXProject "NamiheiHair" */;
			compatibilityVersion = "Xcode 3.2";
			developmentRegion = English;
			hasScannedForEncodings = 0;
			knownRegions = (
				en,
				ja,
			);
			mainGroup = 06C7B446171147B3001783D2;
			productRefGroup = 06C7B450171147B3001783D2 /* Products */;
			projectDirPath = "";
			projectRoot = "";
			targets = (
				06C7B44E171147B3001783D2 /* TheLastHair */,
			);
		};
/* End PBXProject section */

/* Begin PBXResourcesBuildPhase section */
		06C7B44D171147B3001783D2 /* Resources */ = {
			isa = PBXResourcesBuildPhase;
			buildActionMask = 2147483647;
			files = (
				06C7B45D171147B3001783D2 /* InfoPlist.strings in Resources */,
				06C7B467171147B3001783D2 /* Default@2x.png in Resources */,
				06C7B46C171147B3001783D2 /* MainStoryboard.storyboard in Resources */,
				06C7B4881711486A001783D2 /* CHANGELOG.md in Resources */,
				06C7B48A1711486A001783D2 /* README.md in Resources */,
				06C7B4AD17114FC1001783D2 /* bakamon.png in Resources */,
				06C7B4AE17114FC1001783D2 /* endbutton.png in Resources */,
				06C7B4AF17114FC1001783D2 /* finger.png in Resources */,
				06C7B4B017114FC1001783D2 /* hair.png in Resources */,
				06C7B4B117114FC1001783D2 /* hairtwin.png in Resources */,
				06C7B4B317114FC1001783D2 /* house.png in Resources */,
				06C7B4B417114FC1001783D2 /* icon512.png in Resources */,
				06C7B4B517114FC1001783D2 /* likebutton.png in Resources */,
				06C7B4B717114FC1001783D2 /* namiheihead.png in Resources */,
				06C7B4B817114FC1001783D2 /* namiheiHead4inch.png in Resources */,
				06C7B4B917114FC1001783D2 /* rankbutton.png in Resources */,
				06C7B4BB17114FC1001783D2 /* startbutton.png in Resources */,
				06C7B4BC17114FC1001783D2 /* title.png in Resources */,
				06C7B4BD17114FC1001783D2 /* tweetbutton.png in Resources */,
				06C7B4BE17114FC1001783D2 /* udonkoapps.png in Resources */,
				06C7B4BF17114FC1001783D2 /* umiheicombo.png in Resources */,
				06C7B4DC1711C5DE001783D2 /* back.mp3 in Resources */,
				06C7B4DD1711C5DE001783D2 /* combo.mp3 in Resources */,
				06C7B4DE1711C5DE001783D2 /* gameover.mp3 in Resources */,
				06C7B4DF1711C5DE001783D2 /* miss.mp3 in Resources */,
				06C7B4E01711C5DE001783D2 /* ok.mp3 in Resources */,
				06C7B4E11711C5DE001783D2 /* start.mp3 in Resources */,
				06C7B4E21711C5DE001783D2 /* unplug.mp3 in Resources */,
				06FF4544171D997400907758 /* icon.png in Resources */,
				06FF4545171D997400907758 /* icon@2x.png in Resources */,
				06FF4547171D998F00907758 /* Default.png in Resources */,
				06FF4549171D999300907758 /* Default@2x.png in Resources */,
				06FF454B171D999800907758 /* Default-568h@2x.png in Resources */,
				06A58AFA1748CD88000C7FEA /* lineButton.png in Resources */,
				06657FEF176C4C7700728370 /* gamefeatbutton.png in Resources */,
				06EC2A40176D9B9500B0BE84 /* gamefeat_banner.png in Resources */,
				06EC2A41176D9B9500B0BE84 /* gamefeat_bg_loading.png in Resources */,
				06EC2A42176D9B9500B0BE84 /* gamefeat_btn_back.png in Resources */,
				06EC2A43176D9B9500B0BE84 /* gamefeat_btn_cancel.png in Resources */,
				06EC2A44176D9B9500B0BE84 /* gamefeat_btn_update.png in Resources */,
				06EC2A45176D9B9500B0BE84 /* gamefeat_error.html in Resources */,
				06EC2A46176D9B9500B0BE84 /* gamefeat_icon_error.png in Resources */,
				06EC2A47176D9B9500B0BE84 /* gamefeat_overlay.html in Resources */,
				06EC2A48176D9B9500B0BE84 /* gamefeat_overlay_close.png in Resources */,
				06EC2A49176D9B9500B0BE84 /* gamefeat_overlay_l.png in Resources */,
				06EC2A4A176D9B9500B0BE84 /* gamefeat_overlay_p.png in Resources */,
				06EC2A4B176D9B9500B0BE84 /* gamefeat_rect_banner.png in Resources */,
				06EC2A4C176D9B9500B0BE84 /* gamefeat_style.css in Resources */,
				06EC2A4E176D9DC400B0BE84 /* applititle.png in Resources */,
			);
			runOnlyForDeploymentPostprocessing = 0;
		};
/* End PBXResourcesBuildPhase section */

/* Begin PBXSourcesBuildPhase section */
		06C7B44B171147B3001783D2 /* Sources */ = {
			isa = PBXSourcesBuildPhase;
			buildActionMask = 2147483647;
			files = (
				06C7B45F171147B3001783D2 /* main.m in Sources */,
				06C7B463171147B3001783D2 /* AppDelegate.m in Sources */,
				06C7B46F171147B3001783D2 /* ViewController.m in Sources */,
				06C7B4891711486A001783D2 /* JSONKit.m in Sources */,
				06C7B4CC171156A0001783D2 /* AppsListViewController.m in Sources */,
				06FDA2B2171AED3800F09F33 /* GameViewController.m in Sources */,
			);
			runOnlyForDeploymentPostprocessing = 0;
		};
/* End PBXSourcesBuildPhase section */

/* Begin PBXVariantGroup section */
		06C7B45B171147B3001783D2 /* InfoPlist.strings */ = {
			isa = PBXVariantGroup;
			children = (
				06C7B45C171147B3001783D2 /* en */,
				06FDA2B3171B017200F09F33 /* ja */,
			);
			name = InfoPlist.strings;
			sourceTree = "<group>";
		};
		06C7B46A171147B3001783D2 /* MainStoryboard.storyboard */ = {
			isa = PBXVariantGroup;
			children = (
				06C7B46B171147B3001783D2 /* en */,
			);
			name = MainStoryboard.storyboard;
			sourceTree = "<group>";
		};
/* End PBXVariantGroup section */

/* Begin XCBuildConfiguration section */
		06C7B470171147B3001783D2 /* Debug */ = {
			isa = XCBuildConfiguration;
			buildSettings = {
				ALWAYS_SEARCH_USER_PATHS = NO;
				CLANG_CXX_LANGUAGE_STANDARD = "gnu++0x";
				CLANG_CXX_LIBRARY = "libc++";
				CLANG_ENABLE_OBJC_ARC = YES;
				CLANG_WARN_CONSTANT_CONVERSION = YES;
				CLANG_WARN_EMPTY_BODY = YES;
				CLANG_WARN_ENUM_CONVERSION = YES;
				CLANG_WARN_INT_CONVERSION = YES;
				CLANG_WARN__DUPLICATE_METHOD_MATCH = YES;
				CODE_SIGN_IDENTITY = "";
				"CODE_SIGN_IDENTITY[sdk=iphoneos*]" = "iPhone Developer";
				COPY_PHASE_STRIP = NO;
				GCC_C_LANGUAGE_STANDARD = gnu99;
				GCC_DYNAMIC_NO_PIC = NO;
				GCC_OPTIMIZATION_LEVEL = 0;
				GCC_PREPROCESSOR_DEFINITIONS = (
					"DEBUG=1",
					"$(inherited)",
				);
				GCC_SYMBOLS_PRIVATE_EXTERN = NO;
				GCC_WARN_ABOUT_RETURN_TYPE = YES;
				GCC_WARN_UNINITIALIZED_AUTOS = YES;
				GCC_WARN_UNUSED_VARIABLE = YES;
				IPHONEOS_DEPLOYMENT_TARGET = 5.1;
				ONLY_ACTIVE_ARCH = YES;
				"PROVISIONING_PROFILE[sdk=iphoneos*]" = "";
				SDKROOT = iphoneos;
			};
			name = Debug;
		};
		06C7B471171147B3001783D2 /* Release */ = {
			isa = XCBuildConfiguration;
			buildSettings = {
				ALWAYS_SEARCH_USER_PATHS = NO;
				CLANG_CXX_LANGUAGE_STANDARD = "gnu++0x";
				CLANG_CXX_LIBRARY = "libc++";
				CLANG_ENABLE_OBJC_ARC = YES;
				CLANG_WARN_CONSTANT_CONVERSION = YES;
				CLANG_WARN_EMPTY_BODY = YES;
				CLANG_WARN_ENUM_CONVERSION = YES;
				CLANG_WARN_INT_CONVERSION = YES;
				CLANG_WARN__DUPLICATE_METHOD_MATCH = YES;
				CODE_SIGN_IDENTITY = "";
				"CODE_SIGN_IDENTITY[sdk=iphoneos*]" = "iPhone Developer";
				COPY_PHASE_STRIP = YES;
				GCC_C_LANGUAGE_STANDARD = gnu99;
				GCC_WARN_ABOUT_RETURN_TYPE = YES;
				GCC_WARN_UNINITIALIZED_AUTOS = YES;
				GCC_WARN_UNUSED_VARIABLE = YES;
				IPHONEOS_DEPLOYMENT_TARGET = 5.1;
				OTHER_CFLAGS = "-DNS_BLOCK_ASSERTIONS=1";
				SDKROOT = iphoneos;
				VALIDATE_PRODUCT = YES;
			};
			name = Release;
		};
		06C7B473171147B3001783D2 /* Debug */ = {
			isa = XCBuildConfiguration;
			buildSettings = {
				"CODE_SIGN_IDENTITY[sdk=iphoneos*]" = "iPhone Developer: HIDEHIKO KONDO (RKVXEJV6P7)";
				FRAMEWORK_SEARCH_PATHS = (
					"$(inherited)",
					"\"$(SRCROOT)\"",
				);
				GCC_PRECOMPILE_PREFIX_HEADER = YES;
				GCC_PREFIX_HEADER = "TheLastHair/TheLastHair-Prefix.pch";
				INFOPLIST_FILE = "TheLastHair/TheLastHair-Info.plist";
				IPHONEOS_DEPLOYMENT_TARGET = 5.1;
				LIBRARY_SEARCH_PATHS = (
					"$(inherited)",
					"\"$(SRCROOT)/TheLastHair\"",
				);
				OTHER_LDFLAGS = (
					"-ObjC",
					"-all_load",
				);
				PRODUCT_NAME = "$(TARGET_NAME)";
				"PROVISIONING_PROFILE[sdk=iphoneos*]" = "";
				WRAPPER_EXTENSION = app;
			};
			name = Debug;
		};
		06C7B474171147B3001783D2 /* Release */ = {
			isa = XCBuildConfiguration;
			buildSettings = {
				"CODE_SIGN_IDENTITY[sdk=iphoneos*]" = "iPhone Distribution";
				FRAMEWORK_SEARCH_PATHS = (
					"$(inherited)",
					"\"$(SRCROOT)\"",
				);
				GCC_PRECOMPILE_PREFIX_HEADER = YES;
				GCC_PREFIX_HEADER = "TheLastHair/TheLastHair-Prefix.pch";
				INFOPLIST_FILE = "TheLastHair/TheLastHair-Info.plist";
				IPHONEOS_DEPLOYMENT_TARGET = 5.1;
				LIBRARY_SEARCH_PATHS = (
					"$(inherited)",
					"\"$(SRCROOT)/TheLastHair\"",
				);
				OTHER_LDFLAGS = (
					"-ObjC",
					"-all_load",
				);
				PRODUCT_NAME = "$(TARGET_NAME)";
				"PROVISIONING_PROFILE[sdk=iphoneos*]" = "";
				WRAPPER_EXTENSION = app;
			};
			name = Release;
		};
/* End XCBuildConfiguration section */

/* Begin XCConfigurationList section */
		06C7B44A171147B3001783D2 /* Build configuration list for PBXProject "NamiheiHair" */ = {
			isa = XCConfigurationList;
			buildConfigurations = (
				06C7B470171147B3001783D2 /* Debug */,
				06C7B471171147B3001783D2 /* Release */,
			);
			defaultConfigurationIsVisible = 0;
			defaultConfigurationName = Release;
		};
		06C7B472171147B3001783D2 /* Build configuration list for PBXNativeTarget "TheLastHair" */ = {
			isa = XCConfigurationList;
			buildConfigurations = (
				06C7B473171147B3001783D2 /* Debug */,
				06C7B474171147B3001783D2 /* Release */,
			);
			defaultConfigurationIsVisible = 0;
			defaultConfigurationName = Release;
		};
/* End XCConfigurationList section */
	};
	rootObject = 06C7B447171147B3001783D2 /* Project object */;
}
